
Microsoft Visual Studio Solution File, Format Version 12.00
# Visual Studio Version 16
VisualStudioVersion = 16.0.30907.101
MinimumVisualStudioVersion = 10.0.40219.1
Project("{FAE04EC0-301F-11D3-BF4B-00C04F79EFBC}") = "appProblemas", "appProblemas\appProblemas.csproj", "{4700EF21-A601-490A-B74D-D444E9E08792}"
EndProject
Global
	GlobalSection(SolutionConfigurationPlatforms) = preSolution
		Debug|Any CPU = Debug|Any CPU
		Release|Any CPU = Release|Any CPU
	EndGlobalSection
	GlobalSection(ProjectConfigurationPlatforms) = postSolution
		{4700EF21-A601-490A-B74D-D444E9E08792}.Debug|Any CPU.ActiveCfg = Debug|Any CPU
		{4700EF21-A601-490A-B74D-D444E9E08792}.Debug|Any CPU.Build.0 = Debug|Any CPU
		{4700EF21-A601-490A-B74D-D444E9E08792}.Release|Any CPU.ActiveCfg = Release|Any CPU
		{4700EF21-A601-490A-B74D-D444E9E08792}.Release|Any CPU.Build.0 = Release|Any CPU
	EndGlobalSection
	GlobalSection(SolutionProperties) = preSolution
		HideSolutionNode = FALSE
	EndGlobalSection
	GlobalSection(ExtensibilityGlobals) = postSolution
		SolutionGuid = {A3BF8D45-FB86-43F6-B3EA-10CB1917FCED}
	EndGlobalSection
EndGlobal
